// !$*UTF8*$!
{
	archiveVersion = 1;
	classes = {
	};
	objectVersion = 56;
	objects = {

/* Begin PBXBuildFile section */
		22294AD37189CAF07C0B5039 /* Pods_CollectiMon.framework in Frameworks */ = {isa = PBXBuildFile; fileRef = 0E595B83F1F852079E6D34C3 /* Pods_CollectiMon.framework */; };
		C00AAD3E2BD3FE16003F773C /* MainViewModel.swift in Sources */ = {isa = PBXBuildFile; fileRef = C00AAD3D2BD3FE16003F773C /* MainViewModel.swift */; };
		C00AAD402BD3FF1B003F773C /* LoadingView.swift in Sources */ = {isa = PBXBuildFile; fileRef = C00AAD3F2BD3FF1B003F773C /* LoadingView.swift */; };
		C00FAAFB2BD03F1E00D457A2 /* SearchView.swift in Sources */ = {isa = PBXBuildFile; fileRef = C00FAAFA2BD03F1E00D457A2 /* SearchView.swift */; };
		C00FAAFD2BD0526F00D457A2 /* SearchViewModel.swift in Sources */ = {isa = PBXBuildFile; fileRef = C00FAAFC2BD0526F00D457A2 /* SearchViewModel.swift */; };
		C01953702BB7611E0044190C /* Generations.swift in Sources */ = {isa = PBXBuildFile; fileRef = C019536F2BB7611E0044190C /* Generations.swift */; };
		C06825E52BB86EF7004971BB /* StringsExtensions.swift in Sources */ = {isa = PBXBuildFile; fileRef = C06825E42BB86EF7004971BB /* StringsExtensions.swift */; };
		C07A416F2BDAE200004DADA0 /* PokemonCardModel.swift in Sources */ = {isa = PBXBuildFile; fileRef = C07A416E2BDAE200004DADA0 /* PokemonCardModel.swift */; };
		C081BAA22BB8073600719246 /* Types.swift in Sources */ = {isa = PBXBuildFile; fileRef = C081BAA12BB8073600719246 /* Types.swift */; };
		C08815322BD976E400DF17E7 /* PokemonSets.swift in Sources */ = {isa = PBXBuildFile; fileRef = C08815312BD976E400DF17E7 /* PokemonSets.swift */; };
		C08815352BD9849000DF17E7 /* ExtensionView.swift in Sources */ = {isa = PBXBuildFile; fileRef = C08815342BD9848F00DF17E7 /* ExtensionView.swift */; };
		C08815372BD9849F00DF17E7 /* ExtensionViewModel.swift in Sources */ = {isa = PBXBuildFile; fileRef = C08815362BD9849F00DF17E7 /* ExtensionViewModel.swift */; };
		C088153B2BD98D5200DF17E7 /* ExtensionCellView.swift in Sources */ = {isa = PBXBuildFile; fileRef = C088153A2BD98D5200DF17E7 /* ExtensionCellView.swift */; };
		C0988C2E2BBF33FF00378C47 /* pokeballAnimation.json in Resources */ = {isa = PBXBuildFile; fileRef = C0988C2D2BBF33FF00378C47 /* pokeballAnimation.json */; };
		C0ACEEB02BCBC80600112C39 /* ScannerView.swift in Sources */ = {isa = PBXBuildFile; fileRef = C0ACEEAF2BCBC80600112C39 /* ScannerView.swift */; };
		C0ACEEB22BCBC81500112C39 /* ScannerViewModel.swift in Sources */ = {isa = PBXBuildFile; fileRef = C0ACEEB12BCBC81500112C39 /* ScannerViewModel.swift */; };
		C0ACEEB42BCBCA3B00112C39 /* Assets.xcassets in Resources */ = {isa = PBXBuildFile; fileRef = C0ACEEB32BCBCA3B00112C39 /* Assets.xcassets */; };
		C0ACEEB72BCC5CD500112C39 /* ScannerViewController.swift in Sources */ = {isa = PBXBuildFile; fileRef = C0ACEEB62BCC5CD500112C39 /* ScannerViewController.swift */; };
		C0ACEEB92BCC5D2D00112C39 /* CodeScanner.swift in Sources */ = {isa = PBXBuildFile; fileRef = C0ACEEB82BCC5D2D00112C39 /* CodeScanner.swift */; };
		C0ACEEBB2BCC5D5A00112C39 /* AVCaptureDevice.swift in Sources */ = {isa = PBXBuildFile; fileRef = C0ACEEBA2BCC5D5A00112C39 /* AVCaptureDevice.swift */; };
		C0B864082BD8415C00862F6F /* LoadingViewModel.swift in Sources */ = {isa = PBXBuildFile; fileRef = C0B864072BD8415C00862F6F /* LoadingViewModel.swift */; };
		C0CAD9472BD2F48B00E48C8F /* Constants.swift in Sources */ = {isa = PBXBuildFile; fileRef = C0CAD9462BD2F48B00E48C8F /* Constants.swift */; };
		C0D242C82BC08FC00008ACB9 /* CoreDataManager.swift in Sources */ = {isa = PBXBuildFile; fileRef = C0D242C72BC08FC00008ACB9 /* CoreDataManager.swift */; };
		C0D31C1E2BB5DDB10016A1BE /* CardDexApp.swift in Sources */ = {isa = PBXBuildFile; fileRef = C0D31C1D2BB5DDB10016A1BE /* CardDexApp.swift */; };
		C0D31C202BB5DDB10016A1BE /* ContentView.swift in Sources */ = {isa = PBXBuildFile; fileRef = C0D31C1F2BB5DDB10016A1BE /* ContentView.swift */; };
		C0D31C222BB5DDB20016A1BE /* Assets.xcassets in Resources */ = {isa = PBXBuildFile; fileRef = C0D31C212BB5DDB20016A1BE /* Assets.xcassets */; };
		C0D31C252BB5DDB20016A1BE /* Preview Assets.xcassets in Resources */ = {isa = PBXBuildFile; fileRef = C0D31C242BB5DDB20016A1BE /* Preview Assets.xcassets */; };
		C0D31C2A2BB5DDB20016A1BE /* CardDex.xcdatamodeld in Sources */ = {isa = PBXBuildFile; fileRef = C0D31C282BB5DDB20016A1BE /* CardDex.xcdatamodeld */; };
		C0D31C362BB5DEDF0016A1BE /* DexView.swift in Sources */ = {isa = PBXBuildFile; fileRef = C0D31C352BB5DEDF0016A1BE /* DexView.swift */; };
		C0D31C392BB5E1760016A1BE /* RegionPokemonsView.swift in Sources */ = {isa = PBXBuildFile; fileRef = C0D31C382BB5E1760016A1BE /* RegionPokemonsView.swift */; };
		C0D31C3B2BB5E22A0016A1BE /* RegionPokemonsViewModel.swift in Sources */ = {isa = PBXBuildFile; fileRef = C0D31C3A2BB5E22A0016A1BE /* RegionPokemonsViewModel.swift */; };
		C0D31C3D2BB5E5540016A1BE /* PokMiniatureView.swift in Sources */ = {isa = PBXBuildFile; fileRef = C0D31C3C2BB5E5540016A1BE /* PokMiniatureView.swift */; };
		C0D31C412BB5E87D0016A1BE /* PokemonInfoModel.swift in Sources */ = {isa = PBXBuildFile; fileRef = C0D31C402BB5E87D0016A1BE /* PokemonInfoModel.swift */; };
		C0D31C442BB5F70C0016A1BE /* ApiManager.swift in Sources */ = {isa = PBXBuildFile; fileRef = C0D31C432BB5F70C0016A1BE /* ApiManager.swift */; };
		C0D31C492BB5FA0D0016A1BE /* PokemonBasicInfo.swift in Sources */ = {isa = PBXBuildFile; fileRef = C0D31C482BB5FA0D0016A1BE /* PokemonBasicInfo.swift */; };
		C0FEA4412BC9B6BB00BB6DD1 /* GaugeView.swift in Sources */ = {isa = PBXBuildFile; fileRef = C0FEA4402BC9B6BA00BB6DD1 /* GaugeView.swift */; };
		C0FEA4432BC9BDA600BB6DD1 /* SummaryPokemonsCaught.swift in Sources */ = {isa = PBXBuildFile; fileRef = C0FEA4422BC9BDA600BB6DD1 /* SummaryPokemonsCaught.swift */; };
/* End PBXBuildFile section */

/* Begin PBXFileReference section */
		0E595B83F1F852079E6D34C3 /* Pods_CollectiMon.framework */ = {isa = PBXFileReference; explicitFileType = wrapper.framework; includeInIndex = 0; path = Pods_CollectiMon.framework; sourceTree = BUILT_PRODUCTS_DIR; };
		6FF35C63D983C3F99A02A0C0 /* Pods-CollectiMon.debug.xcconfig */ = {isa = PBXFileReference; includeInIndex = 1; lastKnownFileType = text.xcconfig; name = "Pods-CollectiMon.debug.xcconfig"; path = "Target Support Files/Pods-CollectiMon/Pods-CollectiMon.debug.xcconfig"; sourceTree = "<group>"; };
		B462522EB48F897C869090EB /* Pods-CollectiMon.release.xcconfig */ = {isa = PBXFileReference; includeInIndex = 1; lastKnownFileType = text.xcconfig; name = "Pods-CollectiMon.release.xcconfig"; path = "Target Support Files/Pods-CollectiMon/Pods-CollectiMon.release.xcconfig"; sourceTree = "<group>"; };
		C00AAD3D2BD3FE16003F773C /* MainViewModel.swift */ = {isa = PBXFileReference; lastKnownFileType = sourcecode.swift; path = MainViewModel.swift; sourceTree = "<group>"; };
		C00AAD3F2BD3FF1B003F773C /* LoadingView.swift */ = {isa = PBXFileReference; lastKnownFileType = sourcecode.swift; path = LoadingView.swift; sourceTree = "<group>"; };
		C00FAAFA2BD03F1E00D457A2 /* SearchView.swift */ = {isa = PBXFileReference; lastKnownFileType = sourcecode.swift; path = SearchView.swift; sourceTree = "<group>"; };
		C00FAAFC2BD0526F00D457A2 /* SearchViewModel.swift */ = {isa = PBXFileReference; lastKnownFileType = sourcecode.swift; path = SearchViewModel.swift; sourceTree = "<group>"; };
		C019536F2BB7611E0044190C /* Generations.swift */ = {isa = PBXFileReference; lastKnownFileType = sourcecode.swift; path = Generations.swift; sourceTree = "<group>"; };
		C06825E42BB86EF7004971BB /* StringsExtensions.swift */ = {isa = PBXFileReference; lastKnownFileType = sourcecode.swift; path = StringsExtensions.swift; sourceTree = "<group>"; };
		C07A416E2BDAE200004DADA0 /* PokemonCardModel.swift */ = {isa = PBXFileReference; lastKnownFileType = sourcecode.swift; path = PokemonCardModel.swift; sourceTree = "<group>"; };
		C081BAA12BB8073600719246 /* Types.swift */ = {isa = PBXFileReference; lastKnownFileType = sourcecode.swift; path = Types.swift; sourceTree = "<group>"; };
		C08815312BD976E400DF17E7 /* PokemonSets.swift */ = {isa = PBXFileReference; lastKnownFileType = sourcecode.swift; path = PokemonSets.swift; sourceTree = "<group>"; };
		C08815342BD9848F00DF17E7 /* ExtensionView.swift */ = {isa = PBXFileReference; lastKnownFileType = sourcecode.swift; path = ExtensionView.swift; sourceTree = "<group>"; };
		C08815362BD9849F00DF17E7 /* ExtensionViewModel.swift */ = {isa = PBXFileReference; lastKnownFileType = sourcecode.swift; path = ExtensionViewModel.swift; sourceTree = "<group>"; };
		C088153A2BD98D5200DF17E7 /* ExtensionCellView.swift */ = {isa = PBXFileReference; lastKnownFileType = sourcecode.swift; path = ExtensionCellView.swift; sourceTree = "<group>"; };
		C0988C2D2BBF33FF00378C47 /* pokeballAnimation.json */ = {isa = PBXFileReference; fileEncoding = 4; lastKnownFileType = text.json; path = pokeballAnimation.json; sourceTree = "<group>"; };
		C0ACEEAF2BCBC80600112C39 /* ScannerView.swift */ = {isa = PBXFileReference; lastKnownFileType = sourcecode.swift; path = ScannerView.swift; sourceTree = "<group>"; };
		C0ACEEB12BCBC81500112C39 /* ScannerViewModel.swift */ = {isa = PBXFileReference; lastKnownFileType = sourcecode.swift; path = ScannerViewModel.swift; sourceTree = "<group>"; };
		C0ACEEB32BCBCA3B00112C39 /* Assets.xcassets */ = {isa = PBXFileReference; lastKnownFileType = folder.assetcatalog; path = Assets.xcassets; sourceTree = "<group>"; };
		C0ACEEB62BCC5CD500112C39 /* ScannerViewController.swift */ = {isa = PBXFileReference; lastKnownFileType = sourcecode.swift; path = ScannerViewController.swift; sourceTree = "<group>"; };
		C0ACEEB82BCC5D2D00112C39 /* CodeScanner.swift */ = {isa = PBXFileReference; lastKnownFileType = sourcecode.swift; path = CodeScanner.swift; sourceTree = "<group>"; };
		C0ACEEBA2BCC5D5A00112C39 /* AVCaptureDevice.swift */ = {isa = PBXFileReference; lastKnownFileType = sourcecode.swift; path = AVCaptureDevice.swift; sourceTree = "<group>"; };
		C0B864072BD8415C00862F6F /* LoadingViewModel.swift */ = {isa = PBXFileReference; lastKnownFileType = sourcecode.swift; path = LoadingViewModel.swift; sourceTree = "<group>"; };
		C0CAD9462BD2F48B00E48C8F /* Constants.swift */ = {isa = PBXFileReference; lastKnownFileType = sourcecode.swift; path = Constants.swift; sourceTree = "<group>"; };
		C0D242C72BC08FC00008ACB9 /* CoreDataManager.swift */ = {isa = PBXFileReference; lastKnownFileType = sourcecode.swift; path = CoreDataManager.swift; sourceTree = "<group>"; };
		C0D31C1A2BB5DDB10016A1BE /* CollectiMon.app */ = {isa = PBXFileReference; explicitFileType = wrapper.application; includeInIndex = 0; path = CollectiMon.app; sourceTree = BUILT_PRODUCTS_DIR; };
		C0D31C1D2BB5DDB10016A1BE /* CardDexApp.swift */ = {isa = PBXFileReference; lastKnownFileType = sourcecode.swift; path = CardDexApp.swift; sourceTree = "<group>"; };
		C0D31C1F2BB5DDB10016A1BE /* ContentView.swift */ = {isa = PBXFileReference; lastKnownFileType = sourcecode.swift; path = ContentView.swift; sourceTree = "<group>"; };
		C0D31C212BB5DDB20016A1BE /* Assets.xcassets */ = {isa = PBXFileReference; lastKnownFileType = folder.assetcatalog; path = Assets.xcassets; sourceTree = "<group>"; };
		C0D31C242BB5DDB20016A1BE /* Preview Assets.xcassets */ = {isa = PBXFileReference; lastKnownFileType = folder.assetcatalog; path = "Preview Assets.xcassets"; sourceTree = "<group>"; };
		C0D31C292BB5DDB20016A1BE /* CardDex.xcdatamodel */ = {isa = PBXFileReference; lastKnownFileType = wrapper.xcdatamodel; path = CardDex.xcdatamodel; sourceTree = "<group>"; };
		C0D31C352BB5DEDF0016A1BE /* DexView.swift */ = {isa = PBXFileReference; lastKnownFileType = sourcecode.swift; path = DexView.swift; sourceTree = "<group>"; };
		C0D31C382BB5E1760016A1BE /* RegionPokemonsView.swift */ = {isa = PBXFileReference; lastKnownFileType = sourcecode.swift; path = RegionPokemonsView.swift; sourceTree = "<group>"; };
		C0D31C3A2BB5E22A0016A1BE /* RegionPokemonsViewModel.swift */ = {isa = PBXFileReference; lastKnownFileType = sourcecode.swift; path = RegionPokemonsViewModel.swift; sourceTree = "<group>"; };
		C0D31C3C2BB5E5540016A1BE /* PokMiniatureView.swift */ = {isa = PBXFileReference; lastKnownFileType = sourcecode.swift; path = PokMiniatureView.swift; sourceTree = "<group>"; };
		C0D31C402BB5E87D0016A1BE /* PokemonInfoModel.swift */ = {isa = PBXFileReference; lastKnownFileType = sourcecode.swift; path = PokemonInfoModel.swift; sourceTree = "<group>"; };
		C0D31C432BB5F70C0016A1BE /* ApiManager.swift */ = {isa = PBXFileReference; lastKnownFileType = sourcecode.swift; path = ApiManager.swift; sourceTree = "<group>"; };
		C0D31C482BB5FA0D0016A1BE /* PokemonBasicInfo.swift */ = {isa = PBXFileReference; lastKnownFileType = sourcecode.swift; path = PokemonBasicInfo.swift; sourceTree = "<group>"; };
		C0FEA4402BC9B6BA00BB6DD1 /* GaugeView.swift */ = {isa = PBXFileReference; lastKnownFileType = sourcecode.swift; path = GaugeView.swift; sourceTree = "<group>"; };
		C0FEA4422BC9BDA600BB6DD1 /* SummaryPokemonsCaught.swift */ = {isa = PBXFileReference; lastKnownFileType = sourcecode.swift; path = SummaryPokemonsCaught.swift; sourceTree = "<group>"; };
/* End PBXFileReference section */

/* Begin PBXFrameworksBuildPhase section */
		C0D31C172BB5DDB10016A1BE /* Frameworks */ = {
			isa = PBXFrameworksBuildPhase;
			buildActionMask = 2147483647;
			files = (
				22294AD37189CAF07C0B5039 /* Pods_CollectiMon.framework in Frameworks */,
			);
			runOnlyForDeploymentPostprocessing = 0;
		};
/* End PBXFrameworksBuildPhase section */

/* Begin PBXGroup section */
		1ADB9AB16F7143E39D30CE71 /* Pods */ = {
			isa = PBXGroup;
			children = (
				6FF35C63D983C3F99A02A0C0 /* Pods-CollectiMon.debug.xcconfig */,
				B462522EB48F897C869090EB /* Pods-CollectiMon.release.xcconfig */,
			);
			path = Pods;
			sourceTree = "<group>";
		};
		C081BAA02BB8072600719246 /* Enums */ = {
			isa = PBXGroup;
			children = (
				C019536F2BB7611E0044190C /* Generations.swift */,
				C081BAA12BB8073600719246 /* Types.swift */,
			);
			path = Enums;
			sourceTree = "<group>";
		};
		C0988C2C2BBF332500378C47 /* Animations */ = {
			isa = PBXGroup;
			children = (
				C0988C2D2BBF33FF00378C47 /* pokeballAnimation.json */,
			);
			path = Animations;
			sourceTree = "<group>";
		};
		C0ACEEB52BCC5CC000112C39 /* Scanner */ = {
			isa = PBXGroup;
			children = (
				C0ACEEB62BCC5CD500112C39 /* ScannerViewController.swift */,
				C0ACEEB82BCC5D2D00112C39 /* CodeScanner.swift */,
				C0ACEEBA2BCC5D5A00112C39 /* AVCaptureDevice.swift */,
			);
			path = Scanner;
			sourceTree = "<group>";
		};
		C0D31C112BB5DDB10016A1BE = {
			isa = PBXGroup;
			children = (
				C0D31C1C2BB5DDB10016A1BE /* CollectiMon */,
				C0D31C1B2BB5DDB10016A1BE /* Products */,
				1ADB9AB16F7143E39D30CE71 /* Pods */,
				F7703E659255CC0C4FA23BF8 /* Frameworks */,
			);
			sourceTree = "<group>";
		};
		C0D31C1B2BB5DDB10016A1BE /* Products */ = {
			isa = PBXGroup;
			children = (
				C0D31C1A2BB5DDB10016A1BE /* CollectiMon.app */,
			);
			name = Products;
			sourceTree = "<group>";
		};
		C0D31C1C2BB5DDB10016A1BE /* CollectiMon */ = {
			isa = PBXGroup;
			children = (
				C0ACEEB52BCC5CC000112C39 /* Scanner */,
				C0988C2C2BBF332500378C47 /* Animations */,
				C081BAA02BB8072600719246 /* Enums */,
				C0D31C472BB5F7890016A1BE /* CoreData */,
				C0D31C422BB5F7010016A1BE /* Api */,
				C0D31C342BB5DDEB0016A1BE /* Extensions */,
				C0D31C332BB5DDE70016A1BE /* Models */,
				C0D31C322BB5DDDF0016A1BE /* Assets */,
				C0D31C312BB5DDD80016A1BE /* ViewModels */,
				C0D31C302BB5DDD00016A1BE /* Views */,
				C0D31C1D2BB5DDB10016A1BE /* CardDexApp.swift */,
				C0D31C1F2BB5DDB10016A1BE /* ContentView.swift */,
				C0D31C212BB5DDB20016A1BE /* Assets.xcassets */,
				C0D31C232BB5DDB20016A1BE /* Preview Content */,
				C0CAD9462BD2F48B00E48C8F /* Constants.swift */,
			);
			path = CollectiMon;
			sourceTree = "<group>";
		};
		C0D31C232BB5DDB20016A1BE /* Preview Content */ = {
			isa = PBXGroup;
			children = (
				C0D31C242BB5DDB20016A1BE /* Preview Assets.xcassets */,
			);
			path = "Preview Content";
			sourceTree = "<group>";
		};
		C0D31C302BB5DDD00016A1BE /* Views */ = {
			isa = PBXGroup;
			children = (
				C0D31C352BB5DEDF0016A1BE /* DexView.swift */,
				C0D31C382BB5E1760016A1BE /* RegionPokemonsView.swift */,
				C0D31C3C2BB5E5540016A1BE /* PokMiniatureView.swift */,
				C0FEA4402BC9B6BA00BB6DD1 /* GaugeView.swift */,
				C0FEA4422BC9BDA600BB6DD1 /* SummaryPokemonsCaught.swift */,
				C0ACEEAF2BCBC80600112C39 /* ScannerView.swift */,
				C00FAAFA2BD03F1E00D457A2 /* SearchView.swift */,
				C00AAD3F2BD3FF1B003F773C /* LoadingView.swift */,
				C08815342BD9848F00DF17E7 /* ExtensionView.swift */,
				C088153A2BD98D5200DF17E7 /* ExtensionCellView.swift */,
			);
			path = Views;
			sourceTree = "<group>";
		};
		C0D31C312BB5DDD80016A1BE /* ViewModels */ = {
			isa = PBXGroup;
			children = (
				C0D31C3A2BB5E22A0016A1BE /* RegionPokemonsViewModel.swift */,
				C0ACEEB12BCBC81500112C39 /* ScannerViewModel.swift */,
				C00FAAFC2BD0526F00D457A2 /* SearchViewModel.swift */,
				C00AAD3D2BD3FE16003F773C /* MainViewModel.swift */,
				C0B864072BD8415C00862F6F /* LoadingViewModel.swift */,
				C08815362BD9849F00DF17E7 /* ExtensionViewModel.swift */,
			);
			path = ViewModels;
			sourceTree = "<group>";
		};
		C0D31C322BB5DDDF0016A1BE /* Assets */ = {
			isa = PBXGroup;
			children = (
				C0ACEEB32BCBCA3B00112C39 /* Assets.xcassets */,
			);
			path = Assets;
			sourceTree = "<group>";
		};
		C0D31C332BB5DDE70016A1BE /* Models */ = {
			isa = PBXGroup;
			children = (
				C0D31C402BB5E87D0016A1BE /* PokemonInfoModel.swift */,
			);
			path = Models;
			sourceTree = "<group>";
		};
		C0D31C342BB5DDEB0016A1BE /* Extensions */ = {
			isa = PBXGroup;
			children = (
				C06825E42BB86EF7004971BB /* StringsExtensions.swift */,
			);
			path = Extensions;
			sourceTree = "<group>";
		};
		C0D31C422BB5F7010016A1BE /* Api */ = {
			isa = PBXGroup;
			children = (
				C0D31C452BB5F7200016A1BE /* Models */,
				C0D31C432BB5F70C0016A1BE /* ApiManager.swift */,
			);
			path = Api;
			sourceTree = "<group>";
		};
		C0D31C452BB5F7200016A1BE /* Models */ = {
			isa = PBXGroup;
			children = (
				C0D31C482BB5FA0D0016A1BE /* PokemonBasicInfo.swift */,
				C08815312BD976E400DF17E7 /* PokemonSets.swift */,
				C07A416E2BDAE200004DADA0 /* PokemonCardModel.swift */,
			);
			path = Models;
			sourceTree = "<group>";
		};
		C0D31C472BB5F7890016A1BE /* CoreData */ = {
			isa = PBXGroup;
			children = (
				C0D31C282BB5DDB20016A1BE /* CardDex.xcdatamodeld */,
				C0D242C72BC08FC00008ACB9 /* CoreDataManager.swift */,
			);
			path = CoreData;
			sourceTree = "<group>";
		};
		F7703E659255CC0C4FA23BF8 /* Frameworks */ = {
			isa = PBXGroup;
			children = (
				0E595B83F1F852079E6D34C3 /* Pods_CollectiMon.framework */,
			);
			name = Frameworks;
			sourceTree = "<group>";
		};
/* End PBXGroup section */

/* Begin PBXNativeTarget section */
		C0D31C192BB5DDB10016A1BE /* CollectiMon */ = {
			isa = PBXNativeTarget;
			buildConfigurationList = C0D31C2D2BB5DDB20016A1BE /* Build configuration list for PBXNativeTarget "CollectiMon" */;
			buildPhases = (
				CD37CB75BB79A3A626816AF1 /* [CP] Check Pods Manifest.lock */,
				C0D31C162BB5DDB10016A1BE /* Sources */,
				C0D31C172BB5DDB10016A1BE /* Frameworks */,
				C0D31C182BB5DDB10016A1BE /* Resources */,
				D046C77B30CBF3F5973F5EAF /* [CP] Embed Pods Frameworks */,
			);
			buildRules = (
			);
			dependencies = (
			);
			name = CollectiMon;
			productName = CardDex;
			productReference = C0D31C1A2BB5DDB10016A1BE /* CollectiMon.app */;
			productType = "com.apple.product-type.application";
		};
/* End PBXNativeTarget section */

/* Begin PBXProject section */
		C0D31C122BB5DDB10016A1BE /* Project object */ = {
			isa = PBXProject;
			attributes = {
				BuildIndependentTargetsInParallel = 1;
				LastSwiftUpdateCheck = 1430;
				LastUpgradeCheck = 1530;
				TargetAttributes = {
					C0D31C192BB5DDB10016A1BE = {
						CreatedOnToolsVersion = 14.3.1;
					};
				};
			};
			buildConfigurationList = C0D31C152BB5DDB10016A1BE /* Build configuration list for PBXProject "CollectiMon" */;
			compatibilityVersion = "Xcode 14.0";
			developmentRegion = en;
			hasScannedForEncodings = 0;
			knownRegions = (
				en,
				Base,
			);
			mainGroup = C0D31C112BB5DDB10016A1BE;
			productRefGroup = C0D31C1B2BB5DDB10016A1BE /* Products */;
			projectDirPath = "";
			projectRoot = "";
			targets = (
				C0D31C192BB5DDB10016A1BE /* CollectiMon */,
			);
		};
/* End PBXProject section */

/* Begin PBXResourcesBuildPhase section */
		C0D31C182BB5DDB10016A1BE /* Resources */ = {
			isa = PBXResourcesBuildPhase;
			buildActionMask = 2147483647;
			files = (
				C0D31C252BB5DDB20016A1BE /* Preview Assets.xcassets in Resources */,
				C0D31C222BB5DDB20016A1BE /* Assets.xcassets in Resources */,
				C0ACEEB42BCBCA3B00112C39 /* Assets.xcassets in Resources */,
				C0988C2E2BBF33FF00378C47 /* pokeballAnimation.json in Resources */,
			);
			runOnlyForDeploymentPostprocessing = 0;
		};
/* End PBXResourcesBuildPhase section */

/* Begin PBXShellScriptBuildPhase section */
		CD37CB75BB79A3A626816AF1 /* [CP] Check Pods Manifest.lock */ = {
			isa = PBXShellScriptBuildPhase;
			buildActionMask = 2147483647;
			files = (
			);
			inputFileListPaths = (
			);
			inputPaths = (
				"${PODS_PODFILE_DIR_PATH}/Podfile.lock",
				"${PODS_ROOT}/Manifest.lock",
			);
			name = "[CP] Check Pods Manifest.lock";
			outputFileListPaths = (
			);
			outputPaths = (
				"$(DERIVED_FILE_DIR)/Pods-CollectiMon-checkManifestLockResult.txt",
			);
			runOnlyForDeploymentPostprocessing = 0;
			shellPath = /bin/sh;
			shellScript = "diff \"${PODS_PODFILE_DIR_PATH}/Podfile.lock\" \"${PODS_ROOT}/Manifest.lock\" > /dev/null\nif [ $? != 0 ] ; then\n    # print error to STDERR\n    echo \"error: The sandbox is not in sync with the Podfile.lock. Run 'pod install' or update your CocoaPods installation.\" >&2\n    exit 1\nfi\n# This output is used by Xcode 'outputs' to avoid re-running this script phase.\necho \"SUCCESS\" > \"${SCRIPT_OUTPUT_FILE_0}\"\n";
			showEnvVarsInLog = 0;
		};
		D046C77B30CBF3F5973F5EAF /* [CP] Embed Pods Frameworks */ = {
			isa = PBXShellScriptBuildPhase;
			buildActionMask = 2147483647;
			files = (
			);
			inputFileListPaths = (
				"${PODS_ROOT}/Target Support Files/Pods-CollectiMon/Pods-CollectiMon-frameworks-${CONFIGURATION}-input-files.xcfilelist",
			);
			name = "[CP] Embed Pods Frameworks";
			outputFileListPaths = (
				"${PODS_ROOT}/Target Support Files/Pods-CollectiMon/Pods-CollectiMon-frameworks-${CONFIGURATION}-output-files.xcfilelist",
			);
			runOnlyForDeploymentPostprocessing = 0;
			shellPath = /bin/sh;
			shellScript = "\"${PODS_ROOT}/Target Support Files/Pods-CollectiMon/Pods-CollectiMon-frameworks.sh\"\n";
			showEnvVarsInLog = 0;
		};
/* End PBXShellScriptBuildPhase section */

/* Begin PBXSourcesBuildPhase section */
		C0D31C162BB5DDB10016A1BE /* Sources */ = {
			isa = PBXSourcesBuildPhase;
			buildActionMask = 2147483647;
			files = (
				C0D31C392BB5E1760016A1BE /* RegionPokemonsView.swift in Sources */,
				C0D31C442BB5F70C0016A1BE /* ApiManager.swift in Sources */,
				C0D242C82BC08FC00008ACB9 /* CoreDataManager.swift in Sources */,
				C0B864082BD8415C00862F6F /* LoadingViewModel.swift in Sources */,
				C0ACEEB72BCC5CD500112C39 /* ScannerViewController.swift in Sources */,
				C0ACEEB02BCBC80600112C39 /* ScannerView.swift in Sources */,
				C00AAD3E2BD3FE16003F773C /* MainViewModel.swift in Sources */,
				C0D31C202BB5DDB10016A1BE /* ContentView.swift in Sources */,
				C06825E52BB86EF7004971BB /* StringsExtensions.swift in Sources */,
				C0D31C1E2BB5DDB10016A1BE /* CardDexApp.swift in Sources */,
				C0FEA4412BC9B6BB00BB6DD1 /* GaugeView.swift in Sources */,
				C0D31C3D2BB5E5540016A1BE /* PokMiniatureView.swift in Sources */,
				C00AAD402BD3FF1B003F773C /* LoadingView.swift in Sources */,
				C08815372BD9849F00DF17E7 /* ExtensionViewModel.swift in Sources */,
				C00FAAFB2BD03F1E00D457A2 /* SearchView.swift in Sources */,
				C088153B2BD98D5200DF17E7 /* ExtensionCellView.swift in Sources */,
				C0D31C412BB5E87D0016A1BE /* PokemonInfoModel.swift in Sources */,
				C08815352BD9849000DF17E7 /* ExtensionView.swift in Sources */,
				C0D31C492BB5FA0D0016A1BE /* PokemonBasicInfo.swift in Sources */,
				C08815322BD976E400DF17E7 /* PokemonSets.swift in Sources */,
				C081BAA22BB8073600719246 /* Types.swift in Sources */,
				C07A416F2BDAE200004DADA0 /* PokemonCardModel.swift in Sources */,
				C00FAAFD2BD0526F00D457A2 /* SearchViewModel.swift in Sources */,
				C0D31C362BB5DEDF0016A1BE /* DexView.swift in Sources */,
				C0ACEEB92BCC5D2D00112C39 /* CodeScanner.swift in Sources */,
				C0ACEEB22BCBC81500112C39 /* ScannerViewModel.swift in Sources */,
				C0FEA4432BC9BDA600BB6DD1 /* SummaryPokemonsCaught.swift in Sources */,
				C0D31C3B2BB5E22A0016A1BE /* RegionPokemonsViewModel.swift in Sources */,
				C0ACEEBB2BCC5D5A00112C39 /* AVCaptureDevice.swift in Sources */,
				C0D31C2A2BB5DDB20016A1BE /* CardDex.xcdatamodeld in Sources */,
				C01953702BB7611E0044190C /* Generations.swift in Sources */,
				C0CAD9472BD2F48B00E48C8F /* Constants.swift in Sources */,
			);
			runOnlyForDeploymentPostprocessing = 0;
		};
/* End PBXSourcesBuildPhase section */

/* Begin XCBuildConfiguration section */
		C0D31C2B2BB5DDB20016A1BE /* Debug */ = {
			isa = XCBuildConfiguration;
			buildSettings = {
				ALWAYS_SEARCH_USER_PATHS = NO;
				CLANG_ANALYZER_NONNULL = YES;
				CLANG_ANALYZER_NUMBER_OBJECT_CONVERSION = YES_AGGRESSIVE;
				CLANG_CXX_LANGUAGE_STANDARD = "gnu++20";
				CLANG_ENABLE_MODULES = YES;
				CLANG_ENABLE_OBJC_ARC = YES;
				CLANG_ENABLE_OBJC_WEAK = YES;
				CLANG_WARN_BLOCK_CAPTURE_AUTORELEASING = YES;
				CLANG_WARN_BOOL_CONVERSION = YES;
				CLANG_WARN_COMMA = YES;
				CLANG_WARN_CONSTANT_CONVERSION = YES;
				CLANG_WARN_DEPRECATED_OBJC_IMPLEMENTATIONS = YES;
				CLANG_WARN_DIRECT_OBJC_ISA_USAGE = YES_ERROR;
				CLANG_WARN_DOCUMENTATION_COMMENTS = YES;
				CLANG_WARN_EMPTY_BODY = YES;
				CLANG_WARN_ENUM_CONVERSION = YES;
				CLANG_WARN_INFINITE_RECURSION = YES;
				CLANG_WARN_INT_CONVERSION = YES;
				CLANG_WARN_NON_LITERAL_NULL_CONVERSION = YES;
				CLANG_WARN_OBJC_IMPLICIT_RETAIN_SELF = YES;
				CLANG_WARN_OBJC_LITERAL_CONVERSION = YES;
				CLANG_WARN_OBJC_ROOT_CLASS = YES_ERROR;
				CLANG_WARN_QUOTED_INCLUDE_IN_FRAMEWORK_HEADER = YES;
				CLANG_WARN_RANGE_LOOP_ANALYSIS = YES;
				CLANG_WARN_STRICT_PROTOTYPES = YES;
				CLANG_WARN_SUSPICIOUS_MOVE = YES;
				CLANG_WARN_UNGUARDED_AVAILABILITY = YES_AGGRESSIVE;
				CLANG_WARN_UNREACHABLE_CODE = YES;
				CLANG_WARN__DUPLICATE_METHOD_MATCH = YES;
				COPY_PHASE_STRIP = NO;
				DEBUG_INFORMATION_FORMAT = dwarf;
				ENABLE_STRICT_OBJC_MSGSEND = YES;
				ENABLE_TESTABILITY = YES;
				ENABLE_USER_SCRIPT_SANDBOXING = NO;
				GCC_C_LANGUAGE_STANDARD = gnu11;
				GCC_DYNAMIC_NO_PIC = NO;
				GCC_NO_COMMON_BLOCKS = YES;
				GCC_OPTIMIZATION_LEVEL = 0;
				GCC_PREPROCESSOR_DEFINITIONS = (
					"DEBUG=1",
					"$(inherited)",
				);
				GCC_WARN_64_TO_32_BIT_CONVERSION = YES;
				GCC_WARN_ABOUT_RETURN_TYPE = YES_ERROR;
				GCC_WARN_UNDECLARED_SELECTOR = YES;
				GCC_WARN_UNINITIALIZED_AUTOS = YES_AGGRESSIVE;
				GCC_WARN_UNUSED_FUNCTION = YES;
				GCC_WARN_UNUSED_VARIABLE = YES;
				IPHONEOS_DEPLOYMENT_TARGET = 17.0;
				MTL_ENABLE_DEBUG_INFO = INCLUDE_SOURCE;
				MTL_FAST_MATH = YES;
				ONLY_ACTIVE_ARCH = YES;
				SDKROOT = iphoneos;
				SWIFT_ACTIVE_COMPILATION_CONDITIONS = DEBUG;
				SWIFT_OPTIMIZATION_LEVEL = "-Onone";
			};
			name = Debug;
		};
		C0D31C2C2BB5DDB20016A1BE /* Release */ = {
			isa = XCBuildConfiguration;
			buildSettings = {
				ALWAYS_SEARCH_USER_PATHS = NO;
				CLANG_ANALYZER_NONNULL = YES;
				CLANG_ANALYZER_NUMBER_OBJECT_CONVERSION = YES_AGGRESSIVE;
				CLANG_CXX_LANGUAGE_STANDARD = "gnu++20";
				CLANG_ENABLE_MODULES = YES;
				CLANG_ENABLE_OBJC_ARC = YES;
				CLANG_ENABLE_OBJC_WEAK = YES;
				CLANG_WARN_BLOCK_CAPTURE_AUTORELEASING = YES;
				CLANG_WARN_BOOL_CONVERSION = YES;
				CLANG_WARN_COMMA = YES;
				CLANG_WARN_CONSTANT_CONVERSION = YES;
				CLANG_WARN_DEPRECATED_OBJC_IMPLEMENTATIONS = YES;
				CLANG_WARN_DIRECT_OBJC_ISA_USAGE = YES_ERROR;
				CLANG_WARN_DOCUMENTATION_COMMENTS = YES;
				CLANG_WARN_EMPTY_BODY = YES;
				CLANG_WARN_ENUM_CONVERSION = YES;
				CLANG_WARN_INFINITE_RECURSION = YES;
				CLANG_WARN_INT_CONVERSION = YES;
				CLANG_WARN_NON_LITERAL_NULL_CONVERSION = YES;
				CLANG_WARN_OBJC_IMPLICIT_RETAIN_SELF = YES;
				CLANG_WARN_OBJC_LITERAL_CONVERSION = YES;
				CLANG_WARN_OBJC_ROOT_CLASS = YES_ERROR;
				CLANG_WARN_QUOTED_INCLUDE_IN_FRAMEWORK_HEADER = YES;
				CLANG_WARN_RANGE_LOOP_ANALYSIS = YES;
				CLANG_WARN_STRICT_PROTOTYPES = YES;
				CLANG_WARN_SUSPICIOUS_MOVE = YES;
				CLANG_WARN_UNGUARDED_AVAILABILITY = YES_AGGRESSIVE;
				CLANG_WARN_UNREACHABLE_CODE = YES;
				CLANG_WARN__DUPLICATE_METHOD_MATCH = YES;
				COPY_PHASE_STRIP = NO;
				DEBUG_INFORMATION_FORMAT = "dwarf-with-dsym";
				ENABLE_NS_ASSERTIONS = NO;
				ENABLE_STRICT_OBJC_MSGSEND = YES;
				ENABLE_USER_SCRIPT_SANDBOXING = NO;
				GCC_C_LANGUAGE_STANDARD = gnu11;
				GCC_NO_COMMON_BLOCKS = YES;
				GCC_WARN_64_TO_32_BIT_CONVERSION = YES;
				GCC_WARN_ABOUT_RETURN_TYPE = YES_ERROR;
				GCC_WARN_UNDECLARED_SELECTOR = YES;
				GCC_WARN_UNINITIALIZED_AUTOS = YES_AGGRESSIVE;
				GCC_WARN_UNUSED_FUNCTION = YES;
				GCC_WARN_UNUSED_VARIABLE = YES;
				IPHONEOS_DEPLOYMENT_TARGET = 17.0;
				MTL_ENABLE_DEBUG_INFO = NO;
				MTL_FAST_MATH = YES;
				SDKROOT = iphoneos;
				SWIFT_COMPILATION_MODE = wholemodule;
				SWIFT_OPTIMIZATION_LEVEL = "-O";
				VALIDATE_PRODUCT = YES;
			};
			name = Release;
		};
		C0D31C2E2BB5DDB20016A1BE /* Debug */ = {
			isa = XCBuildConfiguration;
			baseConfigurationReference = 6FF35C63D983C3F99A02A0C0 /* Pods-CollectiMon.debug.xcconfig */;
			buildSettings = {
				ASSETCATALOG_COMPILER_APPICON_NAME = AppIcon;
				ASSETCATALOG_COMPILER_GLOBAL_ACCENT_COLOR_NAME = AccentColor;
				CODE_SIGN_STYLE = Automatic;
				CURRENT_PROJECT_VERSION = 1;
				DEVELOPMENT_ASSET_PATHS = "\"CollectiMon/Preview Content\"";
				DEVELOPMENT_TEAM = V3DH947793;
				ENABLE_PREVIEWS = YES;
				GENERATE_INFOPLIST_FILE = YES;
				INFOPLIST_KEY_NSCameraUsageDescription = "Camera is needed to scan cards.";
				INFOPLIST_KEY_UIApplicationSceneManifest_Generation = YES;
				INFOPLIST_KEY_UIApplicationSupportsIndirectInputEvents = YES;
				INFOPLIST_KEY_UILaunchScreen_Generation = YES;
				INFOPLIST_KEY_UISupportedInterfaceOrientations_iPad = "UIInterfaceOrientationPortrait UIInterfaceOrientationPortraitUpsideDown UIInterfaceOrientationLandscapeLeft UIInterfaceOrientationLandscapeRight";
				INFOPLIST_KEY_UISupportedInterfaceOrientations_iPhone = "UIInterfaceOrientationPortrait UIInterfaceOrientationLandscapeLeft UIInterfaceOrientationLandscapeRight";
				LD_RUNPATH_SEARCH_PATHS = (
					"$(inherited)",
					"@executable_path/Frameworks",
				);
				MARKETING_VERSION = 1.0;
				PRODUCT_BUNDLE_IDENTIFIER = Artur.CollectiMon;
				PRODUCT_NAME = "$(TARGET_NAME)";
				SWIFT_EMIT_LOC_STRINGS = YES;
				SWIFT_VERSION = 5.0;
				TARGETED_DEVICE_FAMILY = "1,2";
			};
			name = Debug;
		};
		C0D31C2F2BB5DDB20016A1BE /* Release */ = {
			isa = XCBuildConfiguration;
			baseConfigurationReference = B462522EB48F897C869090EB /* Pods-CollectiMon.release.xcconfig */;
			buildSettings = {
				ASSETCATALOG_COMPILER_APPICON_NAME = AppIcon;
				ASSETCATALOG_COMPILER_GLOBAL_ACCENT_COLOR_NAME = AccentColor;
				CODE_SIGN_STYLE = Automatic;
				CURRENT_PROJECT_VERSION = 1;
				DEVELOPMENT_ASSET_PATHS = "\"CollectiMon/Preview Content\"";
				DEVELOPMENT_TEAM = V3DH947793;
				ENABLE_PREVIEWS = YES;
				GENERATE_INFOPLIST_FILE = YES;
				INFOPLIST_KEY_NSCameraUsageDescription = "Camera is needed to scan cards.";
				INFOPLIST_KEY_UIApplicationSceneManifest_Generation = YES;
				INFOPLIST_KEY_UIApplicationSupportsIndirectInputEvents = YES;
				INFOPLIST_KEY_UILaunchScreen_Generation = YES;
				INFOPLIST_KEY_UISupportedInterfaceOrientations_iPad = "UIInterfaceOrientationPortrait UIInterfaceOrientationPortraitUpsideDown UIInterfaceOrientationLandscapeLeft UIInterfaceOrientationLandscapeRight";
				INFOPLIST_KEY_UISupportedInterfaceOrientations_iPhone = "UIInterfaceOrientationPortrait UIInterfaceOrientationLandscapeLeft UIInterfaceOrientationLandscapeRight";
				LD_RUNPATH_SEARCH_PATHS = (
					"$(inherited)",
					"@executable_path/Frameworks",
				);
				MARKETING_VERSION = 1.0;
				PRODUCT_BUNDLE_IDENTIFIER = Artur.CollectiMon;
				PRODUCT_NAME = "$(TARGET_NAME)";
				SWIFT_EMIT_LOC_STRINGS = YES;
				SWIFT_VERSION = 5.0;
				TARGETED_DEVICE_FAMILY = "1,2";
			};
			name = Release;
		};
/* End XCBuildConfiguration section */

/* Begin XCConfigurationList section */
		C0D31C152BB5DDB10016A1BE /* Build configuration list for PBXProject "CollectiMon" */ = {
			isa = XCConfigurationList;
			buildConfigurations = (
				C0D31C2B2BB5DDB20016A1BE /* Debug */,
				C0D31C2C2BB5DDB20016A1BE /* Release */,
			);
			defaultConfigurationIsVisible = 0;
			defaultConfigurationName = Release;
		};
		C0D31C2D2BB5DDB20016A1BE /* Build configuration list for PBXNativeTarget "CollectiMon" */ = {
			isa = XCConfigurationList;
			buildConfigurations = (
				C0D31C2E2BB5DDB20016A1BE /* Debug */,
				C0D31C2F2BB5DDB20016A1BE /* Release */,
			);
			defaultConfigurationIsVisible = 0;
			defaultConfigurationName = Release;
		};
/* End XCConfigurationList section */

/* Begin XCVersionGroup section */
		C0D31C282BB5DDB20016A1BE /* CardDex.xcdatamodeld */ = {
			isa = XCVersionGroup;
			children = (
				C0D31C292BB5DDB20016A1BE /* CardDex.xcdatamodel */,
			);
			currentVersion = C0D31C292BB5DDB20016A1BE /* CardDex.xcdatamodel */;
			path = CardDex.xcdatamodeld;
			sourceTree = "<group>";
			versionGroupType = wrapper.xcdatamodel;
		};
/* End XCVersionGroup section */
	};
	rootObject = C0D31C122BB5DDB10016A1BE /* Project object */;
}
